
Microsoft Visual Studio Solution File, Format Version 12.00
# Visual Studio Version 17
VisualStudioVersion = 17.1.32421.90
MinimumVisualStudioVersion = 10.0.40219.1
Project("{9A19103F-16F7-4668-BE54-9A1E7A4F7556}") = "Windows_BD_GlicemiaOO", "Windows_BD_GlicemiaOO.csproj", "{0B649ABD-CF77-4F2C-8A58-2C9DC2E8DA16}"
EndProject
Global
	GlobalSection(SolutionConfigurationPlatforms) = preSolution
		Debug|Any CPU = Debug|Any CPU
		Release|Any CPU = Release|Any CPU
	EndGlobalSection
	GlobalSection(ProjectConfigurationPlatforms) = postSolution
		{0B649ABD-CF77-4F2C-8A58-2C9DC2E8DA16}.Debug|Any CPU.ActiveCfg = Debug|Any CPU
		{0B649ABD-CF77-4F2C-8A58-2C9DC2E8DA16}.Debug|Any CPU.Build.0 = Debug|Any CPU
		{0B649ABD-CF77-4F2C-8A58-2C9DC2E8DA16}.Release|Any CPU.ActiveCfg = Release|Any CPU
		{0B649ABD-CF77-4F2C-8A58-2C9DC2E8DA16}.Release|Any CPU.Build.0 = Release|Any CPU
	EndGlobalSection
	GlobalSection(SolutionProperties) = preSolution
		HideSolutionNode = FALSE
	EndGlobalSection
	GlobalSection(ExtensibilityGlobals) = postSolution
		SolutionGuid = {2C76126B-F6C8-4419-B9DF-0B5C5B678876}
	EndGlobalSection
EndGlobal
