
Microsoft Visual Studio Solution File, Format Version 12.00
# Visual Studio Version 17
VisualStudioVersion = 17.1.32421.90
MinimumVisualStudioVersion = 10.0.40219.1
Project("{9A19103F-16F7-4668-BE54-9A1E7A4F7556}") = "ExercicioClassePessoa", "ExercicioClassePessoa.csproj", "{6A69F6AA-295C-40EB-B647-03F95EC1B85E}"
EndProject
Global
	GlobalSection(SolutionConfigurationPlatforms) = preSolution
		Debug|Any CPU = Debug|Any CPU
		Release|Any CPU = Release|Any CPU
	EndGlobalSection
	GlobalSection(ProjectConfigurationPlatforms) = postSolution
		{6A69F6AA-295C-40EB-B647-03F95EC1B85E}.Debug|Any CPU.ActiveCfg = Debug|Any CPU
		{6A69F6AA-295C-40EB-B647-03F95EC1B85E}.Debug|Any CPU.Build.0 = Debug|Any CPU
		{6A69F6AA-295C-40EB-B647-03F95EC1B85E}.Release|Any CPU.ActiveCfg = Release|Any CPU
		{6A69F6AA-295C-40EB-B647-03F95EC1B85E}.Release|Any CPU.Build.0 = Release|Any CPU
	EndGlobalSection
	GlobalSection(SolutionProperties) = preSolution
		HideSolutionNode = FALSE
	EndGlobalSection
	GlobalSection(ExtensibilityGlobals) = postSolution
		SolutionGuid = {90D0084C-5E13-4DBE-BE2C-43A329FA82F7}
	EndGlobalSection
EndGlobal
