
Microsoft Visual Studio Solution File, Format Version 12.00
# Visual Studio Version 17
VisualStudioVersion = 17.1.32421.90
MinimumVisualStudioVersion = 10.0.40219.1
Project("{FAE04EC0-301F-11D3-BF4B-00C04F79EFBC}") = "DesafioWFDB", "DesafioWFDB.csproj", "{C0C37790-3FDE-439F-B3F6-56402098E72D}"
EndProject
Global
	GlobalSection(SolutionConfigurationPlatforms) = preSolution
		Debug|Any CPU = Debug|Any CPU
		Release|Any CPU = Release|Any CPU
	EndGlobalSection
	GlobalSection(ProjectConfigurationPlatforms) = postSolution
		{C0C37790-3FDE-439F-B3F6-56402098E72D}.Debug|Any CPU.ActiveCfg = Debug|Any CPU
		{C0C37790-3FDE-439F-B3F6-56402098E72D}.Debug|Any CPU.Build.0 = Debug|Any CPU
		{C0C37790-3FDE-439F-B3F6-56402098E72D}.Release|Any CPU.ActiveCfg = Release|Any CPU
		{C0C37790-3FDE-439F-B3F6-56402098E72D}.Release|Any CPU.Build.0 = Release|Any CPU
	EndGlobalSection
	GlobalSection(SolutionProperties) = preSolution
		HideSolutionNode = FALSE
	EndGlobalSection
	GlobalSection(ExtensibilityGlobals) = postSolution
		SolutionGuid = {1A9D7BD7-5EFC-4DBC-94DF-31822FF71FD2}
	EndGlobalSection
EndGlobal
