
Microsoft Visual Studio Solution File, Format Version 12.00
# Visual Studio Version 17
VisualStudioVersion = 17.1.32421.90
MinimumVisualStudioVersion = 10.0.40219.1
Project("{FAE04EC0-301F-11D3-BF4B-00C04F79EFBC}") = "Exercicio Repetiçao 1", "Exercicio Repetiçao 1.csproj", "{70E1B170-EEE3-455C-B3DE-16AD87B6D13A}"
EndProject
Global
	GlobalSection(SolutionConfigurationPlatforms) = preSolution
		Debug|Any CPU = Debug|Any CPU
		Release|Any CPU = Release|Any CPU
	EndGlobalSection
	GlobalSection(ProjectConfigurationPlatforms) = postSolution
		{70E1B170-EEE3-455C-B3DE-16AD87B6D13A}.Debug|Any CPU.ActiveCfg = Debug|Any CPU
		{70E1B170-EEE3-455C-B3DE-16AD87B6D13A}.Debug|Any CPU.Build.0 = Debug|Any CPU
		{70E1B170-EEE3-455C-B3DE-16AD87B6D13A}.Release|Any CPU.ActiveCfg = Release|Any CPU
		{70E1B170-EEE3-455C-B3DE-16AD87B6D13A}.Release|Any CPU.Build.0 = Release|Any CPU
	EndGlobalSection
	GlobalSection(SolutionProperties) = preSolution
		HideSolutionNode = FALSE
	EndGlobalSection
	GlobalSection(ExtensibilityGlobals) = postSolution
		SolutionGuid = {C4ED33B7-5611-4709-AE62-77741C92D70D}
	EndGlobalSection
EndGlobal
