
Microsoft Visual Studio Solution File, Format Version 12.00
# Visual Studio Version 17
VisualStudioVersion = 17.0.31919.166
MinimumVisualStudioVersion = 10.0.40219.1
Project("{FAE04EC0-301F-11D3-BF4B-00C04F79EFBC}") = "Exercicio 9", "Exercicio 9\Exercicio 9.csproj", "{8FE63FE0-36D2-40F7-84AD-BF9A8FC8264F}"
EndProject
Global
	GlobalSection(SolutionConfigurationPlatforms) = preSolution
		Debug|Any CPU = Debug|Any CPU
		Release|Any CPU = Release|Any CPU
	EndGlobalSection
	GlobalSection(ProjectConfigurationPlatforms) = postSolution
		{8FE63FE0-36D2-40F7-84AD-BF9A8FC8264F}.Debug|Any CPU.ActiveCfg = Debug|Any CPU
		{8FE63FE0-36D2-40F7-84AD-BF9A8FC8264F}.Debug|Any CPU.Build.0 = Debug|Any CPU
		{8FE63FE0-36D2-40F7-84AD-BF9A8FC8264F}.Release|Any CPU.ActiveCfg = Release|Any CPU
		{8FE63FE0-36D2-40F7-84AD-BF9A8FC8264F}.Release|Any CPU.Build.0 = Release|Any CPU
	EndGlobalSection
	GlobalSection(SolutionProperties) = preSolution
		HideSolutionNode = FALSE
	EndGlobalSection
	GlobalSection(ExtensibilityGlobals) = postSolution
		SolutionGuid = {0DE0DA56-A701-40B6-8722-49C27664F9BE}
	EndGlobalSection
EndGlobal
