
Microsoft Visual Studio Solution File, Format Version 12.00
# Visual Studio Version 17
VisualStudioVersion = 17.0.31919.166
MinimumVisualStudioVersion = 10.0.40219.1
Project("{FAE04EC0-301F-11D3-BF4B-00C04F79EFBC}") = "Exercicio 18", "Exercicio 18\Exercicio 18.csproj", "{450923A0-4F33-4300-A0AC-B1D57F84E81D}"
EndProject
Global
	GlobalSection(SolutionConfigurationPlatforms) = preSolution
		Debug|Any CPU = Debug|Any CPU
		Release|Any CPU = Release|Any CPU
	EndGlobalSection
	GlobalSection(ProjectConfigurationPlatforms) = postSolution
		{450923A0-4F33-4300-A0AC-B1D57F84E81D}.Debug|Any CPU.ActiveCfg = Debug|Any CPU
		{450923A0-4F33-4300-A0AC-B1D57F84E81D}.Debug|Any CPU.Build.0 = Debug|Any CPU
		{450923A0-4F33-4300-A0AC-B1D57F84E81D}.Release|Any CPU.ActiveCfg = Release|Any CPU
		{450923A0-4F33-4300-A0AC-B1D57F84E81D}.Release|Any CPU.Build.0 = Release|Any CPU
	EndGlobalSection
	GlobalSection(SolutionProperties) = preSolution
		HideSolutionNode = FALSE
	EndGlobalSection
	GlobalSection(ExtensibilityGlobals) = postSolution
		SolutionGuid = {43DE2D22-5A18-4720-9EBE-29809116FD94}
	EndGlobalSection
EndGlobal
