
Microsoft Visual Studio Solution File, Format Version 12.00
# Visual Studio Version 17
VisualStudioVersion = 17.1.32421.90
MinimumVisualStudioVersion = 10.0.40219.1
Project("{FAE04EC0-301F-11D3-BF4B-00C04F79EFBC}") = "Exercicio Repeticao 2", "Exercicio Repeticao 2.csproj", "{316D7302-DE99-4EA7-8E27-F464F12B9515}"
EndProject
Global
	GlobalSection(SolutionConfigurationPlatforms) = preSolution
		Debug|Any CPU = Debug|Any CPU
		Release|Any CPU = Release|Any CPU
	EndGlobalSection
	GlobalSection(ProjectConfigurationPlatforms) = postSolution
		{316D7302-DE99-4EA7-8E27-F464F12B9515}.Debug|Any CPU.ActiveCfg = Debug|Any CPU
		{316D7302-DE99-4EA7-8E27-F464F12B9515}.Debug|Any CPU.Build.0 = Debug|Any CPU
		{316D7302-DE99-4EA7-8E27-F464F12B9515}.Release|Any CPU.ActiveCfg = Release|Any CPU
		{316D7302-DE99-4EA7-8E27-F464F12B9515}.Release|Any CPU.Build.0 = Release|Any CPU
	EndGlobalSection
	GlobalSection(SolutionProperties) = preSolution
		HideSolutionNode = FALSE
	EndGlobalSection
	GlobalSection(ExtensibilityGlobals) = postSolution
		SolutionGuid = {5C665564-7F1C-4A4A-9441-F01CA3DAA904}
	EndGlobalSection
EndGlobal
