
Microsoft Visual Studio Solution File, Format Version 12.00
# Visual Studio Version 17
VisualStudioVersion = 17.1.32421.90
MinimumVisualStudioVersion = 10.0.40219.1
Project("{FAE04EC0-301F-11D3-BF4B-00C04F79EFBC}") = "Drop 4", "Drop 4.csproj", "{37543858-7742-453E-9544-CE7EAA59E5D7}"
EndProject
Global
	GlobalSection(SolutionConfigurationPlatforms) = preSolution
		Debug|Any CPU = Debug|Any CPU
		Release|Any CPU = Release|Any CPU
	EndGlobalSection
	GlobalSection(ProjectConfigurationPlatforms) = postSolution
		{37543858-7742-453E-9544-CE7EAA59E5D7}.Debug|Any CPU.ActiveCfg = Debug|Any CPU
		{37543858-7742-453E-9544-CE7EAA59E5D7}.Debug|Any CPU.Build.0 = Debug|Any CPU
		{37543858-7742-453E-9544-CE7EAA59E5D7}.Release|Any CPU.ActiveCfg = Release|Any CPU
		{37543858-7742-453E-9544-CE7EAA59E5D7}.Release|Any CPU.Build.0 = Release|Any CPU
	EndGlobalSection
	GlobalSection(SolutionProperties) = preSolution
		HideSolutionNode = FALSE
	EndGlobalSection
	GlobalSection(ExtensibilityGlobals) = postSolution
		SolutionGuid = {991F13A7-8A0D-43E3-8ED9-82EBDAA1F6B3}
	EndGlobalSection
EndGlobal
