
Microsoft Visual Studio Solution File, Format Version 12.00
# Visual Studio Version 17
VisualStudioVersion = 17.1.32421.90
MinimumVisualStudioVersion = 10.0.40219.1
Project("{FAE04EC0-301F-11D3-BF4B-00C04F79EFBC}") = "Drop 3", "Drop 3.csproj", "{DDA1072D-CC4A-4947-8E02-F6B244E55D95}"
EndProject
Global
	GlobalSection(SolutionConfigurationPlatforms) = preSolution
		Debug|Any CPU = Debug|Any CPU
		Release|Any CPU = Release|Any CPU
	EndGlobalSection
	GlobalSection(ProjectConfigurationPlatforms) = postSolution
		{DDA1072D-CC4A-4947-8E02-F6B244E55D95}.Debug|Any CPU.ActiveCfg = Debug|Any CPU
		{DDA1072D-CC4A-4947-8E02-F6B244E55D95}.Debug|Any CPU.Build.0 = Debug|Any CPU
		{DDA1072D-CC4A-4947-8E02-F6B244E55D95}.Release|Any CPU.ActiveCfg = Release|Any CPU
		{DDA1072D-CC4A-4947-8E02-F6B244E55D95}.Release|Any CPU.Build.0 = Release|Any CPU
	EndGlobalSection
	GlobalSection(SolutionProperties) = preSolution
		HideSolutionNode = FALSE
	EndGlobalSection
	GlobalSection(ExtensibilityGlobals) = postSolution
		SolutionGuid = {8DEEEE81-E077-4979-8042-21CC67392ED9}
	EndGlobalSection
EndGlobal
