
Microsoft Visual Studio Solution File, Format Version 12.00
# Visual Studio Version 17
VisualStudioVersion = 17.1.32421.90
MinimumVisualStudioVersion = 10.0.40219.1
Project("{FAE04EC0-301F-11D3-BF4B-00C04F79EFBC}") = "Exercicio Repeticao 4", "Exercicio Repeticao 4.csproj", "{FB2A9CB5-9352-4F87-A929-C1868F172579}"
EndProject
Global
	GlobalSection(SolutionConfigurationPlatforms) = preSolution
		Debug|Any CPU = Debug|Any CPU
		Release|Any CPU = Release|Any CPU
	EndGlobalSection
	GlobalSection(ProjectConfigurationPlatforms) = postSolution
		{FB2A9CB5-9352-4F87-A929-C1868F172579}.Debug|Any CPU.ActiveCfg = Debug|Any CPU
		{FB2A9CB5-9352-4F87-A929-C1868F172579}.Debug|Any CPU.Build.0 = Debug|Any CPU
		{FB2A9CB5-9352-4F87-A929-C1868F172579}.Release|Any CPU.ActiveCfg = Release|Any CPU
		{FB2A9CB5-9352-4F87-A929-C1868F172579}.Release|Any CPU.Build.0 = Release|Any CPU
	EndGlobalSection
	GlobalSection(SolutionProperties) = preSolution
		HideSolutionNode = FALSE
	EndGlobalSection
	GlobalSection(ExtensibilityGlobals) = postSolution
		SolutionGuid = {E1B91C22-F17D-49DC-B755-50D0C32425AE}
	EndGlobalSection
EndGlobal
