
Microsoft Visual Studio Solution File, Format Version 12.00
# Visual Studio Version 17
VisualStudioVersion = 17.1.32421.90
MinimumVisualStudioVersion = 10.0.40219.1
Project("{FAE04EC0-301F-11D3-BF4B-00C04F79EFBC}") = "Exercicio5", "Exercicio5.csproj", "{255548DE-6C95-43E9-BC6A-EBDEDA660331}"
EndProject
Global
	GlobalSection(SolutionConfigurationPlatforms) = preSolution
		Debug|Any CPU = Debug|Any CPU
		Release|Any CPU = Release|Any CPU
	EndGlobalSection
	GlobalSection(ProjectConfigurationPlatforms) = postSolution
		{255548DE-6C95-43E9-BC6A-EBDEDA660331}.Debug|Any CPU.ActiveCfg = Debug|Any CPU
		{255548DE-6C95-43E9-BC6A-EBDEDA660331}.Debug|Any CPU.Build.0 = Debug|Any CPU
		{255548DE-6C95-43E9-BC6A-EBDEDA660331}.Release|Any CPU.ActiveCfg = Release|Any CPU
		{255548DE-6C95-43E9-BC6A-EBDEDA660331}.Release|Any CPU.Build.0 = Release|Any CPU
	EndGlobalSection
	GlobalSection(SolutionProperties) = preSolution
		HideSolutionNode = FALSE
	EndGlobalSection
	GlobalSection(ExtensibilityGlobals) = postSolution
		SolutionGuid = {1C101CBF-3FA3-4228-8243-2E8FE5C637F9}
	EndGlobalSection
EndGlobal
