
Microsoft Visual Studio Solution File, Format Version 12.00
# Visual Studio Version 17
VisualStudioVersion = 17.0.31919.166
MinimumVisualStudioVersion = 10.0.40219.1
Project("{FAE04EC0-301F-11D3-BF4B-00C04F79EFBC}") = "Exercicio 16", "Exercicio 16\Exercicio 16.csproj", "{B76DCC7C-70F2-44F9-B049-E1F754ADE9F6}"
EndProject
Global
	GlobalSection(SolutionConfigurationPlatforms) = preSolution
		Debug|Any CPU = Debug|Any CPU
		Release|Any CPU = Release|Any CPU
	EndGlobalSection
	GlobalSection(ProjectConfigurationPlatforms) = postSolution
		{B76DCC7C-70F2-44F9-B049-E1F754ADE9F6}.Debug|Any CPU.ActiveCfg = Debug|Any CPU
		{B76DCC7C-70F2-44F9-B049-E1F754ADE9F6}.Debug|Any CPU.Build.0 = Debug|Any CPU
		{B76DCC7C-70F2-44F9-B049-E1F754ADE9F6}.Release|Any CPU.ActiveCfg = Release|Any CPU
		{B76DCC7C-70F2-44F9-B049-E1F754ADE9F6}.Release|Any CPU.Build.0 = Release|Any CPU
	EndGlobalSection
	GlobalSection(SolutionProperties) = preSolution
		HideSolutionNode = FALSE
	EndGlobalSection
	GlobalSection(ExtensibilityGlobals) = postSolution
		SolutionGuid = {3AF56544-C49A-4251-8560-A17B244AB03A}
	EndGlobalSection
EndGlobal
